
Microsoft Visual Studio Solution File, Format Version 12.00
# Visual Studio 15
VisualStudioVersion = 15.0.27130.2027
MinimumVisualStudioVersion = 10.0.40219.1
Project("{FAE04EC0-301F-11D3-BF4B-00C04F79EFBC}") = "ConsultaDDD", "ConsultaDDD\ConsultaDDD.csproj", "{405A0E6C-E4DD-45F8-B51A-EE45C72E296D}"
EndProject
Global
	GlobalSection(SolutionConfigurationPlatforms) = preSolution
		Debug|Any CPU = Debug|Any CPU
		Release|Any CPU = Release|Any CPU
	EndGlobalSection
	GlobalSection(ProjectConfigurationPlatforms) = postSolution
		{405A0E6C-E4DD-45F8-B51A-EE45C72E296D}.Debug|Any CPU.ActiveCfg = Debug|Any CPU
		{405A0E6C-E4DD-45F8-B51A-EE45C72E296D}.Debug|Any CPU.Build.0 = Debug|Any CPU
		{405A0E6C-E4DD-45F8-B51A-EE45C72E296D}.Release|Any CPU.ActiveCfg = Release|Any CPU
		{405A0E6C-E4DD-45F8-B51A-EE45C72E296D}.Release|Any CPU.Build.0 = Release|Any CPU
	EndGlobalSection
	GlobalSection(SolutionProperties) = preSolution
		HideSolutionNode = FALSE
	EndGlobalSection
	GlobalSection(ExtensibilityGlobals) = postSolution
		SolutionGuid = {733D2589-9E5B-4971-BEF2-02E2364ED395}
	EndGlobalSection
EndGlobal
